
Microsoft Visual Studio Solution File, Format Version 12.00
# Visual Studio Version 16
VisualStudioVersion = 16.0.30523.141
MinimumVisualStudioVersion = 10.0.40219.1
Project("{8BC9CEB8-8B4A-11D0-8D11-00A0C91BC942}") = "DungeonQuill", "DungeonQuill\DungeonQuill.vcxproj", "{B48BAF65-268F-4CE1-B6C7-0D77BA5579D8}"
EndProject
Project("{54435603-DBB4-11D2-8724-00A0C9A8B90C}") = "DungeonQuillSetup", "DungeonQuillSetup\DungeonQuillSetup.vdproj", "{78B99C85-BFAB-4781-A88D-F02F8EAF9547}"
EndProject
Global
	GlobalSection(SolutionConfigurationPlatforms) = preSolution
		Debug|x64 = Debug|x64
		Release|x64 = Release|x64
	EndGlobalSection
	GlobalSection(ProjectConfigurationPlatforms) = postSolution
		{B48BAF65-268F-4CE1-B6C7-0D77BA5579D8}.Debug|x64.ActiveCfg = Debug|x64
		{B48BAF65-268F-4CE1-B6C7-0D77BA5579D8}.Debug|x64.Build.0 = Debug|x64
		{B48BAF65-268F-4CE1-B6C7-0D77BA5579D8}.Release|x64.ActiveCfg = Release|x64
		{B48BAF65-268F-4CE1-B6C7-0D77BA5579D8}.Release|x64.Build.0 = Release|x64
		{78B99C85-BFAB-4781-A88D-F02F8EAF9547}.Debug|x64.ActiveCfg = Debug
		{78B99C85-BFAB-4781-A88D-F02F8EAF9547}.Release|x64.ActiveCfg = Release
	EndGlobalSection
	GlobalSection(SolutionProperties) = preSolution
		HideSolutionNode = FALSE
	EndGlobalSection
	GlobalSection(ExtensibilityGlobals) = postSolution
		SolutionGuid = {7C2CED05-44D1-4AB8-A80B-1232DDF27251}
	EndGlobalSection
EndGlobal
